
Microsoft Visual Studio Solution File, Format Version 12.00
# Visual Studio Version 17
VisualStudioVersion = 17.8.34330.188
MinimumVisualStudioVersion = 10.0.40219.1
Project("{9A19103F-16F7-4668-BE54-9A1E7A4F7556}") = "ClassFeaturesDemo", "ClassFeaturesDemo\ClassFeaturesDemo.csproj", "{9BD8F2BB-FFAF-4EA1-9400-5F9BCC130C91}"
EndProject
Project("{9A19103F-16F7-4668-BE54-9A1E7A4F7556}") = "InheritanceDemo", "InheritanceDemo\InheritanceDemo.csproj", "{51E21667-DB7A-4B83-BBFD-25BB337E029C}"
EndProject
Project("{FAE04EC0-301F-11D3-BF4B-00C04F79EFBC}") = "OopsBasic", "OopsBasic\OopsBasic.csproj", "{D86CA325-F1FA-4AED-9650-F8E0CD9B9AE7}"
EndProject
Project("{FAE04EC0-301F-11D3-BF4B-00C04F79EFBC}") = "OopsBasic2", "OopsBasic2\OopsBasic2.csproj", "{954B6833-E9CE-4308-BD98-EB09070A31CD}"
EndProject
Global
	GlobalSection(SolutionConfigurationPlatforms) = preSolution
		Debug|Any CPU = Debug|Any CPU
		Release|Any CPU = Release|Any CPU
	EndGlobalSection
	GlobalSection(ProjectConfigurationPlatforms) = postSolution
		{9BD8F2BB-FFAF-4EA1-9400-5F9BCC130C91}.Debug|Any CPU.ActiveCfg = Debug|Any CPU
		{9BD8F2BB-FFAF-4EA1-9400-5F9BCC130C91}.Debug|Any CPU.Build.0 = Debug|Any CPU
		{9BD8F2BB-FFAF-4EA1-9400-5F9BCC130C91}.Release|Any CPU.ActiveCfg = Release|Any CPU
		{9BD8F2BB-FFAF-4EA1-9400-5F9BCC130C91}.Release|Any CPU.Build.0 = Release|Any CPU
		{51E21667-DB7A-4B83-BBFD-25BB337E029C}.Debug|Any CPU.ActiveCfg = Debug|Any CPU
		{51E21667-DB7A-4B83-BBFD-25BB337E029C}.Debug|Any CPU.Build.0 = Debug|Any CPU
		{51E21667-DB7A-4B83-BBFD-25BB337E029C}.Release|Any CPU.ActiveCfg = Release|Any CPU
		{51E21667-DB7A-4B83-BBFD-25BB337E029C}.Release|Any CPU.Build.0 = Release|Any CPU
		{D86CA325-F1FA-4AED-9650-F8E0CD9B9AE7}.Debug|Any CPU.ActiveCfg = Debug|Any CPU
		{D86CA325-F1FA-4AED-9650-F8E0CD9B9AE7}.Debug|Any CPU.Build.0 = Debug|Any CPU
		{D86CA325-F1FA-4AED-9650-F8E0CD9B9AE7}.Release|Any CPU.ActiveCfg = Release|Any CPU
		{D86CA325-F1FA-4AED-9650-F8E0CD9B9AE7}.Release|Any CPU.Build.0 = Release|Any CPU
		{954B6833-E9CE-4308-BD98-EB09070A31CD}.Debug|Any CPU.ActiveCfg = Debug|Any CPU
		{954B6833-E9CE-4308-BD98-EB09070A31CD}.Debug|Any CPU.Build.0 = Debug|Any CPU
		{954B6833-E9CE-4308-BD98-EB09070A31CD}.Release|Any CPU.ActiveCfg = Release|Any CPU
		{954B6833-E9CE-4308-BD98-EB09070A31CD}.Release|Any CPU.Build.0 = Release|Any CPU
	EndGlobalSection
	GlobalSection(SolutionProperties) = preSolution
		HideSolutionNode = FALSE
	EndGlobalSection
	GlobalSection(ExtensibilityGlobals) = postSolution
		SolutionGuid = {BF15A6D8-2880-4460-9036-6F7F04FAFA4E}
	EndGlobalSection
EndGlobal
