
Microsoft Visual Studio Solution File, Format Version 12.00
# Visual Studio Version 17
VisualStudioVersion = 17.8.34330.188
MinimumVisualStudioVersion = 10.0.40219.1
Project("{9A19103F-16F7-4668-BE54-9A1E7A4F7556}") = "Day1.1", "Day1.1.csproj", "{D610052F-335C-49EE-B891-D303DB6BE180}"
EndProject
Project("{9A19103F-16F7-4668-BE54-9A1E7A4F7556}") = "Day1.2", "..\Day1.2\Day1.2.csproj", "{D0431853-4485-4196-A254-C620482F0D81}"
EndProject
Project("{9A19103F-16F7-4668-BE54-9A1E7A4F7556}") = "Assignment1", "..\..\Dronacharya\DotNetDayWisePreparation\Assignment1\Assignment1.csproj", "{004ED0E1-AC5C-436D-839D-3802B1D5924D}"
EndProject
Project("{9A19103F-16F7-4668-BE54-9A1E7A4F7556}") = "MathsLib", "..\..\Dronacharya\DotNetDayWisePreparation\MathsLib\MathsLib.csproj", "{DCE69055-D924-4D60-AB08-94EF8BBA802D}"
EndProject
Global
	GlobalSection(SolutionConfigurationPlatforms) = preSolution
		Debug|Any CPU = Debug|Any CPU
		Release|Any CPU = Release|Any CPU
	EndGlobalSection
	GlobalSection(ProjectConfigurationPlatforms) = postSolution
		{D610052F-335C-49EE-B891-D303DB6BE180}.Debug|Any CPU.ActiveCfg = Debug|Any CPU
		{D610052F-335C-49EE-B891-D303DB6BE180}.Debug|Any CPU.Build.0 = Debug|Any CPU
		{D610052F-335C-49EE-B891-D303DB6BE180}.Release|Any CPU.ActiveCfg = Release|Any CPU
		{D610052F-335C-49EE-B891-D303DB6BE180}.Release|Any CPU.Build.0 = Release|Any CPU
		{D0431853-4485-4196-A254-C620482F0D81}.Debug|Any CPU.ActiveCfg = Debug|Any CPU
		{D0431853-4485-4196-A254-C620482F0D81}.Debug|Any CPU.Build.0 = Debug|Any CPU
		{D0431853-4485-4196-A254-C620482F0D81}.Release|Any CPU.ActiveCfg = Release|Any CPU
		{D0431853-4485-4196-A254-C620482F0D81}.Release|Any CPU.Build.0 = Release|Any CPU
		{004ED0E1-AC5C-436D-839D-3802B1D5924D}.Debug|Any CPU.ActiveCfg = Debug|Any CPU
		{004ED0E1-AC5C-436D-839D-3802B1D5924D}.Debug|Any CPU.Build.0 = Debug|Any CPU
		{004ED0E1-AC5C-436D-839D-3802B1D5924D}.Release|Any CPU.ActiveCfg = Release|Any CPU
		{004ED0E1-AC5C-436D-839D-3802B1D5924D}.Release|Any CPU.Build.0 = Release|Any CPU
		{DCE69055-D924-4D60-AB08-94EF8BBA802D}.Debug|Any CPU.ActiveCfg = Debug|Any CPU
		{DCE69055-D924-4D60-AB08-94EF8BBA802D}.Debug|Any CPU.Build.0 = Debug|Any CPU
		{DCE69055-D924-4D60-AB08-94EF8BBA802D}.Release|Any CPU.ActiveCfg = Release|Any CPU
		{DCE69055-D924-4D60-AB08-94EF8BBA802D}.Release|Any CPU.Build.0 = Release|Any CPU
	EndGlobalSection
	GlobalSection(SolutionProperties) = preSolution
		HideSolutionNode = FALSE
	EndGlobalSection
	GlobalSection(ExtensibilityGlobals) = postSolution
		SolutionGuid = {09FE2E90-6B12-416B-B106-4A4834661DF3}
	EndGlobalSection
EndGlobal
