
Microsoft Visual Studio Solution File, Format Version 12.00
# Visual Studio Version 17
VisualStudioVersion = 17.8.34330.188
MinimumVisualStudioVersion = 10.0.40219.1
Project("{9A19103F-16F7-4668-BE54-9A1E7A4F7556}") = "Day1.2", "..\Day1.2\Day1.2.csproj", "{3770586C-16D4-4620-B14E-5569B55F5599}"
EndProject
Project("{9A19103F-16F7-4668-BE54-9A1E7A4F7556}") = "Day1.3", "..\Day1.3\Day1.3.csproj", "{024518C8-F68E-4F84-84A7-C068947727BB}"
EndProject
Project("{9A19103F-16F7-4668-BE54-9A1E7A4F7556}") = "Assignment1", "..\Assignment1\Assignment1.csproj", "{9FAEB027-BEEC-4619-9A5D-4215019E8CB8}"
EndProject
Project("{9A19103F-16F7-4668-BE54-9A1E7A4F7556}") = "MathsLib", "..\MathsLib\MathsLib.csproj", "{E44E60CB-5B7B-4F63-8153-50A04103EB4E}"
EndProject
Project("{9A19103F-16F7-4668-BE54-9A1E7A4F7556}") = "Day1.1", "..\Day01\Day1.1.csproj", "{D5B80D24-D583-4968-9827-AE02069E3D8E}"
EndProject
Global
	GlobalSection(SolutionConfigurationPlatforms) = preSolution
		Debug|Any CPU = Debug|Any CPU
		Release|Any CPU = Release|Any CPU
	EndGlobalSection
	GlobalSection(ProjectConfigurationPlatforms) = postSolution
		{3770586C-16D4-4620-B14E-5569B55F5599}.Debug|Any CPU.ActiveCfg = Debug|Any CPU
		{3770586C-16D4-4620-B14E-5569B55F5599}.Debug|Any CPU.Build.0 = Debug|Any CPU
		{3770586C-16D4-4620-B14E-5569B55F5599}.Release|Any CPU.ActiveCfg = Release|Any CPU
		{3770586C-16D4-4620-B14E-5569B55F5599}.Release|Any CPU.Build.0 = Release|Any CPU
		{024518C8-F68E-4F84-84A7-C068947727BB}.Debug|Any CPU.ActiveCfg = Debug|Any CPU
		{024518C8-F68E-4F84-84A7-C068947727BB}.Debug|Any CPU.Build.0 = Debug|Any CPU
		{024518C8-F68E-4F84-84A7-C068947727BB}.Release|Any CPU.ActiveCfg = Release|Any CPU
		{024518C8-F68E-4F84-84A7-C068947727BB}.Release|Any CPU.Build.0 = Release|Any CPU
		{9FAEB027-BEEC-4619-9A5D-4215019E8CB8}.Debug|Any CPU.ActiveCfg = Debug|Any CPU
		{9FAEB027-BEEC-4619-9A5D-4215019E8CB8}.Debug|Any CPU.Build.0 = Debug|Any CPU
		{9FAEB027-BEEC-4619-9A5D-4215019E8CB8}.Release|Any CPU.ActiveCfg = Release|Any CPU
		{9FAEB027-BEEC-4619-9A5D-4215019E8CB8}.Release|Any CPU.Build.0 = Release|Any CPU
		{E44E60CB-5B7B-4F63-8153-50A04103EB4E}.Debug|Any CPU.ActiveCfg = Debug|Any CPU
		{E44E60CB-5B7B-4F63-8153-50A04103EB4E}.Debug|Any CPU.Build.0 = Debug|Any CPU
		{E44E60CB-5B7B-4F63-8153-50A04103EB4E}.Release|Any CPU.ActiveCfg = Release|Any CPU
		{E44E60CB-5B7B-4F63-8153-50A04103EB4E}.Release|Any CPU.Build.0 = Release|Any CPU
		{D5B80D24-D583-4968-9827-AE02069E3D8E}.Debug|Any CPU.ActiveCfg = Debug|Any CPU
		{D5B80D24-D583-4968-9827-AE02069E3D8E}.Debug|Any CPU.Build.0 = Debug|Any CPU
		{D5B80D24-D583-4968-9827-AE02069E3D8E}.Release|Any CPU.ActiveCfg = Release|Any CPU
		{D5B80D24-D583-4968-9827-AE02069E3D8E}.Release|Any CPU.Build.0 = Release|Any CPU
	EndGlobalSection
	GlobalSection(SolutionProperties) = preSolution
		HideSolutionNode = FALSE
	EndGlobalSection
	GlobalSection(ExtensibilityGlobals) = postSolution
		SolutionGuid = {D0D761BC-C492-4F21-A0A4-CD34716C07DE}
	EndGlobalSection
EndGlobal
